
Microsoft Visual Studio Solution File, Format Version 12.00
# Visual Studio Version 16
VisualStudioVersion = 16.0.31410.357
MinimumVisualStudioVersion = 10.0.40219.1
Project("{FAE04EC0-301F-11D3-BF4B-00C04F79EFBC}") = "Krous_Ex", "Krous_Ex\Krous_Ex.csproj", "{70BA869B-55DC-4C61-BC24-8B3B6964E8D8}"
EndProject
Global
	GlobalSection(SolutionConfigurationPlatforms) = preSolution
		Debug|Any CPU = Debug|Any CPU
		Release|Any CPU = Release|Any CPU
	EndGlobalSection
	GlobalSection(ProjectConfigurationPlatforms) = postSolution
		{70BA869B-55DC-4C61-BC24-8B3B6964E8D8}.Debug|Any CPU.ActiveCfg = Debug|Any CPU
		{70BA869B-55DC-4C61-BC24-8B3B6964E8D8}.Debug|Any CPU.Build.0 = Debug|Any CPU
		{70BA869B-55DC-4C61-BC24-8B3B6964E8D8}.Release|Any CPU.ActiveCfg = Release|Any CPU
		{70BA869B-55DC-4C61-BC24-8B3B6964E8D8}.Release|Any CPU.Build.0 = Release|Any CPU
	EndGlobalSection
	GlobalSection(SolutionProperties) = preSolution
		HideSolutionNode = FALSE
	EndGlobalSection
	GlobalSection(ExtensibilityGlobals) = postSolution
		SolutionGuid = {51B01531-F848-49F9-B028-4893CD9ED6C4}
	EndGlobalSection
EndGlobal
